{
  "version": 4,
  "terraform_version": "1.7.5",
  "serial": 10,
  "lineage": "e83badd4-a90d-d162-8dec-2a90c659f680",
  "outputs": {
    "server_ip": {
      "value": "128.140.1.67",
      "type": "string"
    }
  },
  "resources": [
    {
      "mode": "data",
      "type": "hcloud_ssh_key",
      "name": "my_key",
      "provider": "provider[\"registry.terraform.io/hetznercloud/hcloud\"]",
      "instances": [
        {
          "schema_version": 0,
          "attributes": {
            "fingerprint": "d2:8e:44:dc:ba:4f:a9:ff:d1:c8:a9:9d:98:5d:0b:87",
            "id": 24028453,
            "labels": {},
            "name": "diehl_default",
            "public_key": "ssh-rsa AAAAB3NzaC1yc2EAAAADAQABAAACAQDJx+vaJbePcUjryJ1cJTmscfqPZgExcSeaUVzU0aOKK1RZ0UjOcNyPhr2gR34oJ9jk7jb/f3gezFSkR/04coTOpP5l8hRX9y0sLW7XfuKgUpEmbbxBpS+YOnP8bwbLktRbN8FGaH0HvKH1xqcm2vCtT0LBf0Q3NIw4OheB/nQ6CO22rVKUtqOwHEg3WAcobFwegiJIafVyxqGqE07mQ53W7Dy8b4y1kIX7iUUgAbLwZxIMIFsaaPgiBpfhEmKYBhMd7SZlEphw6/7O4xe+aC9HtV1P90xAOmiv+V+89BFErR+AF97JMKPH6rilyNZwML1nSBch6ZKyGCxhksyjVtXcNZkZOEGv4UUApMK5faXodhOkX3kJcdg1gbkfxRiAGarW2eCoyRMH/dvSVQGXjNakabXWpbRUrjDIaotvL9TmK2IO2EpUD90MZciCr6lEjO+ClfxuBFjwartjPWRfYSUHVoBpY9gA0ChzUP2jaR8wPkXNWVCA8HTsz56Kjh4tcGap6g7S2rP0M3LFDlpR7L2qStJhdYXi0Xykpdcssafu+e9pMtrApBrKq4c6wn7E+x/Wbjl7oQc5xlwuZIWUI/oq1twS4iCmBcDHRshqW7knZvJ/EL/+40LWYSaEaSC1Kc/rCyMeQ5JI6oycEssukcEXm0/nrFW/iUAHMFjbR8CJQQ==",
            "selector": null,
            "with_selector": null
          },
          "sensitive_attributes": []
        }
      ]
    },
    {
      "mode": "managed",
      "type": "hcloud_firewall",
      "name": "web_firewall",
      "provider": "provider[\"registry.terraform.io/hetznercloud/hcloud\"]",
      "instances": [
        {
          "schema_version": 0,
          "attributes": {
            "apply_to": [
              {
                "label_selector": "",
                "server": 54899288
              }
            ],
            "id": "1697748",
            "labels": {},
            "name": "web-firewall",
            "rule": [
              {
                "description": "",
                "destination_ips": [],
                "direction": "in",
                "port": "3001",
                "protocol": "tcp",
                "source_ips": [
                  "97.126.95.130/32"
                ]
              },
              {
                "description": "",
                "destination_ips": [],
                "direction": "in",
                "port": "9093",
                "protocol": "tcp",
                "source_ips": [
                  "97.126.95.130/32"
                ]
              },
              {
                "description": null,
                "destination_ips": [],
                "direction": "in",
                "port": "22",
                "protocol": "tcp",
                "source_ips": [
                  "97.126.95.130/32"
                ]
              },
              {
                "description": null,
                "destination_ips": [],
                "direction": "in",
                "port": "443",
                "protocol": "tcp",
                "source_ips": [
                  "0.0.0.0/0",
                  "::/0"
                ]
              },
              {
                "description": null,
                "destination_ips": [],
                "direction": "in",
                "port": "80",
                "protocol": "tcp",
                "source_ips": [
                  "0.0.0.0/0",
                  "::/0"
                ]
              }
            ]
          },
          "sensitive_attributes": [],
          "private": "bnVsbA=="
        }
      ]
    },
    {
      "mode": "managed",
      "type": "hcloud_network",
      "name": "private_network",
      "provider": "provider[\"registry.terraform.io/hetznercloud/hcloud\"]",
      "instances": [
        {
          "schema_version": 0,
          "attributes": {
            "delete_protection": false,
            "expose_routes_to_vswitch": false,
            "id": "10288820",
            "ip_range": "10.0.0.0/16",
            "labels": {},
            "name": "private-network"
          },
          "sensitive_attributes": [],
          "private": "bnVsbA=="
        }
      ]
    },
    {
      "mode": "managed",
      "type": "hcloud_network_subnet",
      "name": "subnet",
      "provider": "provider[\"registry.terraform.io/hetznercloud/hcloud\"]",
      "instances": [
        {
          "schema_version": 0,
          "attributes": {
            "gateway": "10.0.0.1",
            "id": "10288820-10.0.1.0/24",
            "ip_range": "10.0.1.0/24",
            "network_id": 10288820,
            "network_zone": "eu-central",
            "type": "cloud",
            "vswitch_id": null
          },
          "sensitive_attributes": [],
          "private": "bnVsbA==",
          "dependencies": [
            "hcloud_network.private_network"
          ]
        }
      ]
    },
    {
      "mode": "managed",
      "type": "hcloud_server",
      "name": "web_server",
      "provider": "provider[\"registry.terraform.io/hetznercloud/hcloud\"]",
      "instances": [
        {
          "schema_version": 0,
          "attributes": {
            "allow_deprecated_images": false,
            "backup_window": "",
            "backups": false,
            "datacenter": "nbg1-dc3",
            "delete_protection": false,
            "firewall_ids": [
              1697748
            ],
            "id": "54899288",
            "ignore_remote_firewall_ids": false,
            "image": "ubuntu-22.04",
            "ipv4_address": "128.140.1.67",
            "ipv6_address": "2a01:4f8:1c1b:80c1::1",
            "ipv6_network": "2a01:4f8:1c1b:80c1::/64",
            "iso": null,
            "keep_disk": false,
            "labels": {},
            "location": "nbg1",
            "name": "web-server",
            "network": [
              {
                "alias_ips": [],
                "ip": "10.0.1.1",
                "mac_address": "86:00:00:eb:f9:58",
                "network_id": 10288820
              }
            ],
            "placement_group_id": null,
            "primary_disk_size": 20,
            "public_net": [
              {
                "ipv4": 0,
                "ipv4_enabled": true,
                "ipv6": 0,
                "ipv6_enabled": true
              }
            ],
            "rebuild_protection": false,
            "rescue": null,
            "server_type": "cx11",
            "shutdown_before_deletion": false,
            "ssh_keys": [
              "24028453"
            ],
            "status": "running",
            "timeouts": null,
            "user_data": null
          },
          "sensitive_attributes": [],
          "private": "eyJlMmJmYjczMC1lY2FhLTExZTYtOGY4OC0zNDM2M2JjN2M0YzAiOnsiY3JlYXRlIjo1NDAwMDAwMDAwMDAwfX0=",
          "dependencies": [
            "data.hcloud_ssh_key.my_key",
            "hcloud_firewall.web_firewall",
            "hcloud_network.private_network"
          ]
        }
      ]
    }
  ],
  "check_results": null
}
